
Microsoft Visual Studio Solution File, Format Version 12.00
# Visual Studio Version 17
VisualStudioVersion = 17.5.33414.496
MinimumVisualStudioVersion = 10.0.40219.1
Project("{FAE04EC0-301F-11D3-BF4B-00C04F79EFBC}") = "Pronia", "Pronia\Pronia.csproj", "{58AF700C-AD9E-4BC9-B21F-276047A072AE}"
EndProject
Global
	GlobalSection(SolutionConfigurationPlatforms) = preSolution
		Debug|Any CPU = Debug|Any CPU
		Release|Any CPU = Release|Any CPU
	EndGlobalSection
	GlobalSection(ProjectConfigurationPlatforms) = postSolution
		{58AF700C-AD9E-4BC9-B21F-276047A072AE}.Debug|Any CPU.ActiveCfg = Debug|Any CPU
		{58AF700C-AD9E-4BC9-B21F-276047A072AE}.Debug|Any CPU.Build.0 = Debug|Any CPU
		{58AF700C-AD9E-4BC9-B21F-276047A072AE}.Release|Any CPU.ActiveCfg = Release|Any CPU
		{58AF700C-AD9E-4BC9-B21F-276047A072AE}.Release|Any CPU.Build.0 = Release|Any CPU
	EndGlobalSection
	GlobalSection(SolutionProperties) = preSolution
		HideSolutionNode = FALSE
	EndGlobalSection
	GlobalSection(ExtensibilityGlobals) = postSolution
		SolutionGuid = {B35691BF-AC6F-468C-B646-1A3D3270A91A}
	EndGlobalSection
EndGlobal
